
Microsoft Visual Studio Solution File, Format Version 12.00
# Visual Studio Version 17
VisualStudioVersion = 17.11.35201.85
MinimumVisualStudioVersion = 10.0.40219.1
Project("{8BC9CEB8-8B4A-11D0-8D11-00A0C91BC942}") = "01_数组", "01_数组\01_数组.vcxproj", "{D42804C2-F30A-4BFC-8EAE-2892F6C08D19}"
EndProject
Project("{8BC9CEB8-8B4A-11D0-8D11-00A0C91BC942}") = "02_链表", "02_链表\02_链表.vcxproj", "{51B0A290-0901-4D6E-B3FB-ED08836398FF}"
EndProject
Project("{8BC9CEB8-8B4A-11D0-8D11-00A0C91BC942}") = "03_单项循环链表", "03_单项循环链表\03_单项循环链表.vcxproj", "{0656ACB3-A08E-4C51-8774-9E7A30FE927F}"
EndProject
Project("{8BC9CEB8-8B4A-11D0-8D11-00A0C91BC942}") = "04_双向链表", "04_双向链表\04_双向链表.vcxproj", "{1B21CC7F-6466-4929-8834-D1D47F7F2238}"
EndProject
Project("{8BC9CEB8-8B4A-11D0-8D11-00A0C91BC942}") = "05_双向循环链表", "05_双向循环链表\05_双向循环链表.vcxproj", "{508541BA-B66C-4B1E-B4B3-BAE8BCD2F184}"
EndProject
Project("{8BC9CEB8-8B4A-11D0-8D11-00A0C91BC942}") = "06_栈", "06_栈\06_栈.vcxproj", "{D87F1CB7-3D2E-4151-A501-ED5636A22C79}"
EndProject
Project("{8BC9CEB8-8B4A-11D0-8D11-00A0C91BC942}") = "07_链式栈", "07_链式栈\07_链式栈.vcxproj", "{11B9DBB9-43A3-45BC-B23F-52149C4C9571}"
EndProject
Project("{8BC9CEB8-8B4A-11D0-8D11-00A0C91BC942}") = "08_环形队列", "08_环形队列\08_环形队列.vcxproj", "{38F098E3-C424-4B16-AA9F-41B1B060977D}"
EndProject
Project("{8BC9CEB8-8B4A-11D0-8D11-00A0C91BC942}") = "09_链式队列", "09_链式队列\09_链式队列.vcxproj", "{BC601469-A6DA-48A6-A583-8BCB130C6861}"
EndProject
Project("{8BC9CEB8-8B4A-11D0-8D11-00A0C91BC942}") = "10_二分搜索算法", "10_二分搜索算法\10_二分搜索算法.vcxproj", "{CDC6CA45-BC26-4C29-8B3B-8D660EB3D3AB}"
EndProject
Project("{8BC9CEB8-8B4A-11D0-8D11-00A0C91BC942}") = "11_基础排序", "11_基础排序\11_基础排序.vcxproj", "{49A2FE16-CF2D-4D90-993F-553402120F6C}"
EndProject
Project("{8BC9CEB8-8B4A-11D0-8D11-00A0C91BC942}") = "12_快速排序", "12_快速排序\12_快速排序.vcxproj", "{7A81CB7E-0741-4F99-ACC2-F9B670CDB159}"
EndProject
Project("{8BC9CEB8-8B4A-11D0-8D11-00A0C91BC942}") = "13_归并排序", "13_归并排序\13_归并排序.vcxproj", "{81B05B38-012E-44C8-979F-512E50DD2DF9}"
EndProject
Global
	GlobalSection(SolutionConfigurationPlatforms) = preSolution
		Debug|x64 = Debug|x64
		Debug|x86 = Debug|x86
		Release|x64 = Release|x64
		Release|x86 = Release|x86
	EndGlobalSection
	GlobalSection(ProjectConfigurationPlatforms) = postSolution
		{D42804C2-F30A-4BFC-8EAE-2892F6C08D19}.Debug|x64.ActiveCfg = Debug|x64
		{D42804C2-F30A-4BFC-8EAE-2892F6C08D19}.Debug|x64.Build.0 = Debug|x64
		{D42804C2-F30A-4BFC-8EAE-2892F6C08D19}.Debug|x86.ActiveCfg = Debug|Win32
		{D42804C2-F30A-4BFC-8EAE-2892F6C08D19}.Debug|x86.Build.0 = Debug|Win32
		{D42804C2-F30A-4BFC-8EAE-2892F6C08D19}.Release|x64.ActiveCfg = Release|x64
		{D42804C2-F30A-4BFC-8EAE-2892F6C08D19}.Release|x64.Build.0 = Release|x64
		{D42804C2-F30A-4BFC-8EAE-2892F6C08D19}.Release|x86.ActiveCfg = Release|Win32
		{D42804C2-F30A-4BFC-8EAE-2892F6C08D19}.Release|x86.Build.0 = Release|Win32
		{51B0A290-0901-4D6E-B3FB-ED08836398FF}.Debug|x64.ActiveCfg = Debug|x64
		{51B0A290-0901-4D6E-B3FB-ED08836398FF}.Debug|x64.Build.0 = Debug|x64
		{51B0A290-0901-4D6E-B3FB-ED08836398FF}.Debug|x86.ActiveCfg = Debug|Win32
		{51B0A290-0901-4D6E-B3FB-ED08836398FF}.Debug|x86.Build.0 = Debug|Win32
		{51B0A290-0901-4D6E-B3FB-ED08836398FF}.Release|x64.ActiveCfg = Release|x64
		{51B0A290-0901-4D6E-B3FB-ED08836398FF}.Release|x64.Build.0 = Release|x64
		{51B0A290-0901-4D6E-B3FB-ED08836398FF}.Release|x86.ActiveCfg = Release|Win32
		{51B0A290-0901-4D6E-B3FB-ED08836398FF}.Release|x86.Build.0 = Release|Win32
		{0656ACB3-A08E-4C51-8774-9E7A30FE927F}.Debug|x64.ActiveCfg = Debug|x64
		{0656ACB3-A08E-4C51-8774-9E7A30FE927F}.Debug|x64.Build.0 = Debug|x64
		{0656ACB3-A08E-4C51-8774-9E7A30FE927F}.Debug|x86.ActiveCfg = Debug|Win32
		{0656ACB3-A08E-4C51-8774-9E7A30FE927F}.Debug|x86.Build.0 = Debug|Win32
		{0656ACB3-A08E-4C51-8774-9E7A30FE927F}.Release|x64.ActiveCfg = Release|x64
		{0656ACB3-A08E-4C51-8774-9E7A30FE927F}.Release|x64.Build.0 = Release|x64
		{0656ACB3-A08E-4C51-8774-9E7A30FE927F}.Release|x86.ActiveCfg = Release|Win32
		{0656ACB3-A08E-4C51-8774-9E7A30FE927F}.Release|x86.Build.0 = Release|Win32
		{1B21CC7F-6466-4929-8834-D1D47F7F2238}.Debug|x64.ActiveCfg = Debug|x64
		{1B21CC7F-6466-4929-8834-D1D47F7F2238}.Debug|x64.Build.0 = Debug|x64
		{1B21CC7F-6466-4929-8834-D1D47F7F2238}.Debug|x86.ActiveCfg = Debug|Win32
		{1B21CC7F-6466-4929-8834-D1D47F7F2238}.Debug|x86.Build.0 = Debug|Win32
		{1B21CC7F-6466-4929-8834-D1D47F7F2238}.Release|x64.ActiveCfg = Release|x64
		{1B21CC7F-6466-4929-8834-D1D47F7F2238}.Release|x64.Build.0 = Release|x64
		{1B21CC7F-6466-4929-8834-D1D47F7F2238}.Release|x86.ActiveCfg = Release|Win32
		{1B21CC7F-6466-4929-8834-D1D47F7F2238}.Release|x86.Build.0 = Release|Win32
		{508541BA-B66C-4B1E-B4B3-BAE8BCD2F184}.Debug|x64.ActiveCfg = Debug|x64
		{508541BA-B66C-4B1E-B4B3-BAE8BCD2F184}.Debug|x64.Build.0 = Debug|x64
		{508541BA-B66C-4B1E-B4B3-BAE8BCD2F184}.Debug|x86.ActiveCfg = Debug|Win32
		{508541BA-B66C-4B1E-B4B3-BAE8BCD2F184}.Debug|x86.Build.0 = Debug|Win32
		{508541BA-B66C-4B1E-B4B3-BAE8BCD2F184}.Release|x64.ActiveCfg = Release|x64
		{508541BA-B66C-4B1E-B4B3-BAE8BCD2F184}.Release|x64.Build.0 = Release|x64
		{508541BA-B66C-4B1E-B4B3-BAE8BCD2F184}.Release|x86.ActiveCfg = Release|Win32
		{508541BA-B66C-4B1E-B4B3-BAE8BCD2F184}.Release|x86.Build.0 = Release|Win32
		{D87F1CB7-3D2E-4151-A501-ED5636A22C79}.Debug|x64.ActiveCfg = Debug|x64
		{D87F1CB7-3D2E-4151-A501-ED5636A22C79}.Debug|x64.Build.0 = Debug|x64
		{D87F1CB7-3D2E-4151-A501-ED5636A22C79}.Debug|x86.ActiveCfg = Debug|Win32
		{D87F1CB7-3D2E-4151-A501-ED5636A22C79}.Debug|x86.Build.0 = Debug|Win32
		{D87F1CB7-3D2E-4151-A501-ED5636A22C79}.Release|x64.ActiveCfg = Release|x64
		{D87F1CB7-3D2E-4151-A501-ED5636A22C79}.Release|x64.Build.0 = Release|x64
		{D87F1CB7-3D2E-4151-A501-ED5636A22C79}.Release|x86.ActiveCfg = Release|Win32
		{D87F1CB7-3D2E-4151-A501-ED5636A22C79}.Release|x86.Build.0 = Release|Win32
		{11B9DBB9-43A3-45BC-B23F-52149C4C9571}.Debug|x64.ActiveCfg = Debug|x64
		{11B9DBB9-43A3-45BC-B23F-52149C4C9571}.Debug|x64.Build.0 = Debug|x64
		{11B9DBB9-43A3-45BC-B23F-52149C4C9571}.Debug|x86.ActiveCfg = Debug|Win32
		{11B9DBB9-43A3-45BC-B23F-52149C4C9571}.Debug|x86.Build.0 = Debug|Win32
		{11B9DBB9-43A3-45BC-B23F-52149C4C9571}.Release|x64.ActiveCfg = Release|x64
		{11B9DBB9-43A3-45BC-B23F-52149C4C9571}.Release|x64.Build.0 = Release|x64
		{11B9DBB9-43A3-45BC-B23F-52149C4C9571}.Release|x86.ActiveCfg = Release|Win32
		{11B9DBB9-43A3-45BC-B23F-52149C4C9571}.Release|x86.Build.0 = Release|Win32
		{38F098E3-C424-4B16-AA9F-41B1B060977D}.Debug|x64.ActiveCfg = Debug|x64
		{38F098E3-C424-4B16-AA9F-41B1B060977D}.Debug|x64.Build.0 = Debug|x64
		{38F098E3-C424-4B16-AA9F-41B1B060977D}.Debug|x86.ActiveCfg = Debug|Win32
		{38F098E3-C424-4B16-AA9F-41B1B060977D}.Debug|x86.Build.0 = Debug|Win32
		{38F098E3-C424-4B16-AA9F-41B1B060977D}.Release|x64.ActiveCfg = Release|x64
		{38F098E3-C424-4B16-AA9F-41B1B060977D}.Release|x64.Build.0 = Release|x64
		{38F098E3-C424-4B16-AA9F-41B1B060977D}.Release|x86.ActiveCfg = Release|Win32
		{38F098E3-C424-4B16-AA9F-41B1B060977D}.Release|x86.Build.0 = Release|Win32
		{BC601469-A6DA-48A6-A583-8BCB130C6861}.Debug|x64.ActiveCfg = Debug|x64
		{BC601469-A6DA-48A6-A583-8BCB130C6861}.Debug|x64.Build.0 = Debug|x64
		{BC601469-A6DA-48A6-A583-8BCB130C6861}.Debug|x86.ActiveCfg = Debug|Win32
		{BC601469-A6DA-48A6-A583-8BCB130C6861}.Debug|x86.Build.0 = Debug|Win32
		{BC601469-A6DA-48A6-A583-8BCB130C6861}.Release|x64.ActiveCfg = Release|x64
		{BC601469-A6DA-48A6-A583-8BCB130C6861}.Release|x64.Build.0 = Release|x64
		{BC601469-A6DA-48A6-A583-8BCB130C6861}.Release|x86.ActiveCfg = Release|Win32
		{BC601469-A6DA-48A6-A583-8BCB130C6861}.Release|x86.Build.0 = Release|Win32
		{CDC6CA45-BC26-4C29-8B3B-8D660EB3D3AB}.Debug|x64.ActiveCfg = Debug|x64
		{CDC6CA45-BC26-4C29-8B3B-8D660EB3D3AB}.Debug|x64.Build.0 = Debug|x64
		{CDC6CA45-BC26-4C29-8B3B-8D660EB3D3AB}.Debug|x86.ActiveCfg = Debug|Win32
		{CDC6CA45-BC26-4C29-8B3B-8D660EB3D3AB}.Debug|x86.Build.0 = Debug|Win32
		{CDC6CA45-BC26-4C29-8B3B-8D660EB3D3AB}.Release|x64.ActiveCfg = Release|x64
		{CDC6CA45-BC26-4C29-8B3B-8D660EB3D3AB}.Release|x64.Build.0 = Release|x64
		{CDC6CA45-BC26-4C29-8B3B-8D660EB3D3AB}.Release|x86.ActiveCfg = Release|Win32
		{CDC6CA45-BC26-4C29-8B3B-8D660EB3D3AB}.Release|x86.Build.0 = Release|Win32
		{49A2FE16-CF2D-4D90-993F-553402120F6C}.Debug|x64.ActiveCfg = Debug|x64
		{49A2FE16-CF2D-4D90-993F-553402120F6C}.Debug|x64.Build.0 = Debug|x64
		{49A2FE16-CF2D-4D90-993F-553402120F6C}.Debug|x86.ActiveCfg = Debug|Win32
		{49A2FE16-CF2D-4D90-993F-553402120F6C}.Debug|x86.Build.0 = Debug|Win32
		{49A2FE16-CF2D-4D90-993F-553402120F6C}.Release|x64.ActiveCfg = Release|x64
		{49A2FE16-CF2D-4D90-993F-553402120F6C}.Release|x64.Build.0 = Release|x64
		{49A2FE16-CF2D-4D90-993F-553402120F6C}.Release|x86.ActiveCfg = Release|Win32
		{49A2FE16-CF2D-4D90-993F-553402120F6C}.Release|x86.Build.0 = Release|Win32
		{7A81CB7E-0741-4F99-ACC2-F9B670CDB159}.Debug|x64.ActiveCfg = Debug|x64
		{7A81CB7E-0741-4F99-ACC2-F9B670CDB159}.Debug|x64.Build.0 = Debug|x64
		{7A81CB7E-0741-4F99-ACC2-F9B670CDB159}.Debug|x86.ActiveCfg = Debug|Win32
		{7A81CB7E-0741-4F99-ACC2-F9B670CDB159}.Debug|x86.Build.0 = Debug|Win32
		{7A81CB7E-0741-4F99-ACC2-F9B670CDB159}.Release|x64.ActiveCfg = Release|x64
		{7A81CB7E-0741-4F99-ACC2-F9B670CDB159}.Release|x64.Build.0 = Release|x64
		{7A81CB7E-0741-4F99-ACC2-F9B670CDB159}.Release|x86.ActiveCfg = Release|Win32
		{7A81CB7E-0741-4F99-ACC2-F9B670CDB159}.Release|x86.Build.0 = Release|Win32
		{81B05B38-012E-44C8-979F-512E50DD2DF9}.Debug|x64.ActiveCfg = Debug|x64
		{81B05B38-012E-44C8-979F-512E50DD2DF9}.Debug|x64.Build.0 = Debug|x64
		{81B05B38-012E-44C8-979F-512E50DD2DF9}.Debug|x86.ActiveCfg = Debug|Win32
		{81B05B38-012E-44C8-979F-512E50DD2DF9}.Debug|x86.Build.0 = Debug|Win32
		{81B05B38-012E-44C8-979F-512E50DD2DF9}.Release|x64.ActiveCfg = Release|x64
		{81B05B38-012E-44C8-979F-512E50DD2DF9}.Release|x64.Build.0 = Release|x64
		{81B05B38-012E-44C8-979F-512E50DD2DF9}.Release|x86.ActiveCfg = Release|Win32
		{81B05B38-012E-44C8-979F-512E50DD2DF9}.Release|x86.Build.0 = Release|Win32
	EndGlobalSection
	GlobalSection(SolutionProperties) = preSolution
		HideSolutionNode = FALSE
	EndGlobalSection
	GlobalSection(ExtensibilityGlobals) = postSolution
		SolutionGuid = {C360F73D-BDD9-494F-B29A-64FCD06538DA}
	EndGlobalSection
EndGlobal
